{
  "version": 4,
  "terraform_version": "1.12.2",
  "serial": 21,
  "lineage": "4cfe7e2d-a99b-9b3d-f8ca-59e367df32cd",
  "outputs": {
    "lb_public_ip": {
      "value": "52.175.27.47",
      "type": "string"
    },
    "vm_names_and_public_ips": {
      "value": [
        "vmss-vmss-demo000000, 40.81.25.212",
        "vmss-vmss-demo000001, 20.2.88.225"
      ],
      "type": [
        "tuple",
        [
          "string",
          "string"
        ]
      ]
    }
  },
  "resources": [
    {
      "mode": "data",
      "type": "azurerm_virtual_machine_scale_set",
      "name": "vmss_vms",
      "provider": "provider[\"registry.terraform.io/hashicorp/azurerm\"]",
      "instances": [
        {
          "schema_version": 0,
          "attributes": {
            "id": "/subscriptions/db45786e-95f0-4c2d-8713-5385062aa342/resourceGroups/2-vmss-demo/providers/Microsoft.Compute/virtualMachineScaleSets/vmss-vmss-demo",
            "identity": [],
            "instances": [
              {
                "computer_name": "vmss-vmss-demo000000",
                "instance_id": "0",
                "latest_model_applied": true,
                "name": "vmss-vmss-demo_0",
                "power_state": "running",
                "private_ip_address": "10.0.0.4",
                "private_ip_addresses": [
                  "10.0.0.4"
                ],
                "public_ip_address": "40.81.25.212",
                "public_ip_addresses": [
                  "40.81.25.212"
                ],
                "virtual_machine_id": "9071f38b-c32f-49fd-97af-e3cb9d004b27",
                "zone": "2"
              },
              {
                "computer_name": "vmss-vmss-demo000001",
                "instance_id": "1",
                "latest_model_applied": true,
                "name": "vmss-vmss-demo_1",
                "power_state": "running",
                "private_ip_address": "10.0.0.5",
                "private_ip_addresses": [
                  "10.0.0.5"
                ],
                "public_ip_address": "20.2.88.225",
                "public_ip_addresses": [
                  "20.2.88.225"
                ],
                "virtual_machine_id": "454dd4d0-bfff-4441-a8ce-652ee0293cba",
                "zone": "1"
              }
            ],
            "location": "eastasia",
            "name": "vmss-vmss-demo",
            "network_interface": [
              {
                "dns_servers": [],
                "enable_accelerated_networking": false,
                "enable_ip_forwarding": false,
                "ip_configuration": [
                  {
                    "application_gateway_backend_address_pool_ids": [],
                    "application_security_group_ids": [],
                    "load_balancer_backend_address_pool_ids": [
                      "/subscriptions/db45786e-95f0-4c2d-8713-5385062aa342/resourceGroups/2-vmss-demo/providers/Microsoft.Network/loadBalancers/lb-vmss-demo/backendAddressPools/backend-address-pool-vms-vmss-demo"
                    ],
                    "load_balancer_inbound_nat_rules_ids": [],
                    "name": "internal",
                    "primary": true,
                    "public_ip_address": [
                      {
                        "domain_name_label": "",
                        "idle_timeout_in_minutes": 4,
                        "ip_tag": [],
                        "name": "vmss-public-ip",
                        "public_ip_prefix_id": "",
                        "version": "IPv4"
                      }
                    ],
                    "subnet_id": "/subscriptions/db45786e-95f0-4c2d-8713-5385062aa342/resourceGroups/2-vmss-demo/providers/Microsoft.Network/virtualNetworks/vnet-vmss-demo/subnets/vm-subnet-vmss-demo",
                    "version": "IPv4"
                  }
                ],
                "name": "vmss-nic",
                "network_security_group_id": "",
                "primary": true
              }
            ],
            "resource_group_name": "2-vmss-demo",
            "timeouts": null
          },
          "sensitive_attributes": [],
          "identity_schema_version": 0
        }
      ]
    },
    {
      "mode": "managed",
      "type": "azurerm_lb",
      "name": "lb",
      "provider": "provider[\"registry.terraform.io/hashicorp/azurerm\"]",
      "instances": [
        {
          "schema_version": 0,
          "attributes": {
            "edge_zone": "",
            "frontend_ip_configuration": [
              {
                "gateway_load_balancer_frontend_ip_configuration_id": "",
                "id": "/subscriptions/db45786e-95f0-4c2d-8713-5385062aa342/resourceGroups/2-vmss-demo/providers/Microsoft.Network/loadBalancers/lb-vmss-demo/frontendIPConfigurations/frontend-ip-vmss-demo",
                "inbound_nat_rules": [],
                "load_balancer_rules": [
                  "/subscriptions/db45786e-95f0-4c2d-8713-5385062aa342/resourceGroups/2-vmss-demo/providers/Microsoft.Network/loadBalancers/lb-vmss-demo/loadBalancingRules/lb-rule-http-vmss-demo",
                  "/subscriptions/db45786e-95f0-4c2d-8713-5385062aa342/resourceGroups/2-vmss-demo/providers/Microsoft.Network/loadBalancers/lb-vmss-demo/loadBalancingRules/lb-rule-https-vmss-demo"
                ],
                "name": "frontend-ip-vmss-demo",
                "outbound_rules": [],
                "private_ip_address": "",
                "private_ip_address_allocation": "Dynamic",
                "private_ip_address_version": "",
                "public_ip_address_id": "/subscriptions/db45786e-95f0-4c2d-8713-5385062aa342/resourceGroups/2-vmss-demo/providers/Microsoft.Network/publicIPAddresses/public-ip-vmss-demo",
                "public_ip_prefix_id": "",
                "subnet_id": "",
                "zones": []
              }
            ],
            "id": "/subscriptions/db45786e-95f0-4c2d-8713-5385062aa342/resourceGroups/2-vmss-demo/providers/Microsoft.Network/loadBalancers/lb-vmss-demo",
            "location": "eastasia",
            "name": "lb-vmss-demo",
            "private_ip_address": "",
            "private_ip_addresses": [],
            "resource_group_name": "2-vmss-demo",
            "sku": "Standard",
            "sku_tier": "Regional",
            "tags": {},
            "timeouts": null
          },
          "sensitive_attributes": [],
          "identity_schema_version": 0,
          "private": "eyJlMmJmYjczMC1lY2FhLTExZTYtOGY4OC0zNDM2M2JjN2M0YzAiOnsiY3JlYXRlIjoxODAwMDAwMDAwMDAwLCJkZWxldGUiOjE4MDAwMDAwMDAwMDAsInJlYWQiOjMwMDAwMDAwMDAwMCwidXBkYXRlIjoxODAwMDAwMDAwMDAwfX0=",
          "dependencies": [
            "azurerm_public_ip.lb_public_ip",
            "azurerm_resource_group.rg"
          ]
        }
      ]
    },
    {
      "mode": "managed",
      "type": "azurerm_lb_backend_address_pool",
      "name": "backend_address_pool_vmss",
      "provider": "provider[\"registry.terraform.io/hashicorp/azurerm\"]",
      "instances": [
        {
          "schema_version": 0,
          "attributes": {
            "backend_ip_configurations": [],
            "id": "/subscriptions/db45786e-95f0-4c2d-8713-5385062aa342/resourceGroups/2-vmss-demo/providers/Microsoft.Network/loadBalancers/lb-vmss-demo/backendAddressPools/backend-address-pool-vms-vmss-demo",
            "inbound_nat_rules": [],
            "load_balancing_rules": [
              "/subscriptions/db45786e-95f0-4c2d-8713-5385062aa342/resourceGroups/2-vmss-demo/providers/Microsoft.Network/loadBalancers/lb-vmss-demo/loadBalancingRules/lb-rule-https-vmss-demo",
              "/subscriptions/db45786e-95f0-4c2d-8713-5385062aa342/resourceGroups/2-vmss-demo/providers/Microsoft.Network/loadBalancers/lb-vmss-demo/loadBalancingRules/lb-rule-http-vmss-demo"
            ],
            "loadbalancer_id": "/subscriptions/db45786e-95f0-4c2d-8713-5385062aa342/resourceGroups/2-vmss-demo/providers/Microsoft.Network/loadBalancers/lb-vmss-demo",
            "name": "backend-address-pool-vms-vmss-demo",
            "outbound_rules": [],
            "synchronous_mode": "",
            "timeouts": null,
            "tunnel_interface": [],
            "virtual_network_id": ""
          },
          "sensitive_attributes": [],
          "identity_schema_version": 0,
          "private": "eyJlMmJmYjczMC1lY2FhLTExZTYtOGY4OC0zNDM2M2JjN2M0YzAiOnsiY3JlYXRlIjoxODAwMDAwMDAwMDAwLCJkZWxldGUiOjE4MDAwMDAwMDAwMDAsInJlYWQiOjMwMDAwMDAwMDAwMCwidXBkYXRlIjoxODAwMDAwMDAwMDAwfX0=",
          "dependencies": [
            "azurerm_lb.lb",
            "azurerm_public_ip.lb_public_ip",
            "azurerm_resource_group.rg"
          ]
        }
      ]
    },
    {
      "mode": "managed",
      "type": "azurerm_lb_probe",
      "name": "http_probe_health",
      "provider": "provider[\"registry.terraform.io/hashicorp/azurerm\"]",
      "instances": [
        {
          "schema_version": 0,
          "attributes": {
            "id": "/subscriptions/db45786e-95f0-4c2d-8713-5385062aa342/resourceGroups/2-vmss-demo/providers/Microsoft.Network/loadBalancers/lb-vmss-demo/probes/http-probe-health-vmss-demo",
            "interval_in_seconds": 15,
            "load_balancer_rules": [
              "/subscriptions/db45786e-95f0-4c2d-8713-5385062aa342/resourceGroups/2-vmss-demo/providers/Microsoft.Network/loadBalancers/lb-vmss-demo/loadBalancingRules/lb-rule-http-vmss-demo",
              "/subscriptions/db45786e-95f0-4c2d-8713-5385062aa342/resourceGroups/2-vmss-demo/providers/Microsoft.Network/loadBalancers/lb-vmss-demo/loadBalancingRules/lb-rule-https-vmss-demo"
            ],
            "loadbalancer_id": "/subscriptions/db45786e-95f0-4c2d-8713-5385062aa342/resourceGroups/2-vmss-demo/providers/Microsoft.Network/loadBalancers/lb-vmss-demo",
            "name": "http-probe-health-vmss-demo",
            "number_of_probes": 2,
            "port": 80,
            "probe_threshold": 1,
            "protocol": "Http",
            "request_path": "/health",
            "timeouts": null
          },
          "sensitive_attributes": [],
          "identity_schema_version": 0,
          "private": "eyJlMmJmYjczMC1lY2FhLTExZTYtOGY4OC0zNDM2M2JjN2M0YzAiOnsiY3JlYXRlIjoxODAwMDAwMDAwMDAwLCJkZWxldGUiOjE4MDAwMDAwMDAwMDAsInJlYWQiOjMwMDAwMDAwMDAwMCwidXBkYXRlIjoxODAwMDAwMDAwMDAwfX0=",
          "dependencies": [
            "azurerm_lb.lb",
            "azurerm_public_ip.lb_public_ip",
            "azurerm_resource_group.rg"
          ]
        }
      ]
    },
    {
      "mode": "managed",
      "type": "azurerm_lb_probe",
      "name": "tcp_probe_443",
      "provider": "provider[\"registry.terraform.io/hashicorp/azurerm\"]",
      "instances": [
        {
          "schema_version": 0,
          "attributes": {
            "id": "/subscriptions/db45786e-95f0-4c2d-8713-5385062aa342/resourceGroups/2-vmss-demo/providers/Microsoft.Network/loadBalancers/lb-vmss-demo/probes/tcp-probe-443-vmss-demo",
            "interval_in_seconds": 15,
            "load_balancer_rules": [],
            "loadbalancer_id": "/subscriptions/db45786e-95f0-4c2d-8713-5385062aa342/resourceGroups/2-vmss-demo/providers/Microsoft.Network/loadBalancers/lb-vmss-demo",
            "name": "tcp-probe-443-vmss-demo",
            "number_of_probes": 2,
            "port": 443,
            "probe_threshold": 1,
            "protocol": "Tcp",
            "request_path": "",
            "timeouts": null
          },
          "sensitive_attributes": [],
          "identity_schema_version": 0,
          "private": "eyJlMmJmYjczMC1lY2FhLTExZTYtOGY4OC0zNDM2M2JjN2M0YzAiOnsiY3JlYXRlIjoxODAwMDAwMDAwMDAwLCJkZWxldGUiOjE4MDAwMDAwMDAwMDAsInJlYWQiOjMwMDAwMDAwMDAwMCwidXBkYXRlIjoxODAwMDAwMDAwMDAwfX0=",
          "dependencies": [
            "azurerm_lb.lb",
            "azurerm_public_ip.lb_public_ip",
            "azurerm_resource_group.rg"
          ]
        }
      ]
    },
    {
      "mode": "managed",
      "type": "azurerm_lb_probe",
      "name": "tcp_probe_80",
      "provider": "provider[\"registry.terraform.io/hashicorp/azurerm\"]",
      "instances": [
        {
          "schema_version": 0,
          "attributes": {
            "id": "/subscriptions/db45786e-95f0-4c2d-8713-5385062aa342/resourceGroups/2-vmss-demo/providers/Microsoft.Network/loadBalancers/lb-vmss-demo/probes/tcp-probe-80-vmss-demo",
            "interval_in_seconds": 15,
            "load_balancer_rules": [],
            "loadbalancer_id": "/subscriptions/db45786e-95f0-4c2d-8713-5385062aa342/resourceGroups/2-vmss-demo/providers/Microsoft.Network/loadBalancers/lb-vmss-demo",
            "name": "tcp-probe-80-vmss-demo",
            "number_of_probes": 2,
            "port": 80,
            "probe_threshold": 1,
            "protocol": "Tcp",
            "request_path": "",
            "timeouts": null
          },
          "sensitive_attributes": [],
          "identity_schema_version": 0,
          "private": "eyJlMmJmYjczMC1lY2FhLTExZTYtOGY4OC0zNDM2M2JjN2M0YzAiOnsiY3JlYXRlIjoxODAwMDAwMDAwMDAwLCJkZWxldGUiOjE4MDAwMDAwMDAwMDAsInJlYWQiOjMwMDAwMDAwMDAwMCwidXBkYXRlIjoxODAwMDAwMDAwMDAwfX0=",
          "dependencies": [
            "azurerm_lb.lb",
            "azurerm_public_ip.lb_public_ip",
            "azurerm_resource_group.rg"
          ]
        }
      ]
    },
    {
      "mode": "managed",
      "type": "azurerm_lb_rule",
      "name": "lb_rule_http",
      "provider": "provider[\"registry.terraform.io/hashicorp/azurerm\"]",
      "instances": [
        {
          "schema_version": 0,
          "attributes": {
            "backend_address_pool_ids": [
              "/subscriptions/db45786e-95f0-4c2d-8713-5385062aa342/resourceGroups/2-vmss-demo/providers/Microsoft.Network/loadBalancers/lb-vmss-demo/backendAddressPools/backend-address-pool-vms-vmss-demo"
            ],
            "backend_port": 80,
            "disable_outbound_snat": false,
            "enable_floating_ip": false,
            "enable_tcp_reset": false,
            "frontend_ip_configuration_id": "/subscriptions/db45786e-95f0-4c2d-8713-5385062aa342/resourceGroups/2-vmss-demo/providers/Microsoft.Network/loadBalancers/lb-vmss-demo/frontendIPConfigurations/frontend-ip-vmss-demo",
            "frontend_ip_configuration_name": "frontend-ip-vmss-demo",
            "frontend_port": 80,
            "id": "/subscriptions/db45786e-95f0-4c2d-8713-5385062aa342/resourceGroups/2-vmss-demo/providers/Microsoft.Network/loadBalancers/lb-vmss-demo/loadBalancingRules/lb-rule-http-vmss-demo",
            "idle_timeout_in_minutes": 4,
            "load_distribution": "Default",
            "loadbalancer_id": "/subscriptions/db45786e-95f0-4c2d-8713-5385062aa342/resourceGroups/2-vmss-demo/providers/Microsoft.Network/loadBalancers/lb-vmss-demo",
            "name": "lb-rule-http-vmss-demo",
            "probe_id": "/subscriptions/db45786e-95f0-4c2d-8713-5385062aa342/resourceGroups/2-vmss-demo/providers/Microsoft.Network/loadBalancers/lb-vmss-demo/probes/http-probe-health-vmss-demo",
            "protocol": "Tcp",
            "timeouts": null
          },
          "sensitive_attributes": [],
          "identity_schema_version": 0,
          "private": "eyJlMmJmYjczMC1lY2FhLTExZTYtOGY4OC0zNDM2M2JjN2M0YzAiOnsiY3JlYXRlIjoxODAwMDAwMDAwMDAwLCJkZWxldGUiOjE4MDAwMDAwMDAwMDAsInJlYWQiOjMwMDAwMDAwMDAwMCwidXBkYXRlIjoxODAwMDAwMDAwMDAwfX0=",
          "dependencies": [
            "azurerm_lb.lb",
            "azurerm_lb_backend_address_pool.backend_address_pool_vmss",
            "azurerm_lb_probe.http_probe_health",
            "azurerm_public_ip.lb_public_ip",
            "azurerm_resource_group.rg"
          ]
        }
      ]
    },
    {
      "mode": "managed",
      "type": "azurerm_lb_rule",
      "name": "lb_rule_https",
      "provider": "provider[\"registry.terraform.io/hashicorp/azurerm\"]",
      "instances": [
        {
          "schema_version": 0,
          "attributes": {
            "backend_address_pool_ids": [
              "/subscriptions/db45786e-95f0-4c2d-8713-5385062aa342/resourceGroups/2-vmss-demo/providers/Microsoft.Network/loadBalancers/lb-vmss-demo/backendAddressPools/backend-address-pool-vms-vmss-demo"
            ],
            "backend_port": 443,
            "disable_outbound_snat": true,
            "enable_floating_ip": false,
            "enable_tcp_reset": false,
            "frontend_ip_configuration_id": "/subscriptions/db45786e-95f0-4c2d-8713-5385062aa342/resourceGroups/2-vmss-demo/providers/Microsoft.Network/loadBalancers/lb-vmss-demo/frontendIPConfigurations/frontend-ip-vmss-demo",
            "frontend_ip_configuration_name": "frontend-ip-vmss-demo",
            "frontend_port": 443,
            "id": "/subscriptions/db45786e-95f0-4c2d-8713-5385062aa342/resourceGroups/2-vmss-demo/providers/Microsoft.Network/loadBalancers/lb-vmss-demo/loadBalancingRules/lb-rule-https-vmss-demo",
            "idle_timeout_in_minutes": 4,
            "load_distribution": "Default",
            "loadbalancer_id": "/subscriptions/db45786e-95f0-4c2d-8713-5385062aa342/resourceGroups/2-vmss-demo/providers/Microsoft.Network/loadBalancers/lb-vmss-demo",
            "name": "lb-rule-https-vmss-demo",
            "probe_id": "/subscriptions/db45786e-95f0-4c2d-8713-5385062aa342/resourceGroups/2-vmss-demo/providers/Microsoft.Network/loadBalancers/lb-vmss-demo/probes/http-probe-health-vmss-demo",
            "protocol": "Tcp",
            "timeouts": null
          },
          "sensitive_attributes": [],
          "identity_schema_version": 0,
          "private": "eyJlMmJmYjczMC1lY2FhLTExZTYtOGY4OC0zNDM2M2JjN2M0YzAiOnsiY3JlYXRlIjoxODAwMDAwMDAwMDAwLCJkZWxldGUiOjE4MDAwMDAwMDAwMDAsInJlYWQiOjMwMDAwMDAwMDAwMCwidXBkYXRlIjoxODAwMDAwMDAwMDAwfX0=",
          "dependencies": [
            "azurerm_lb.lb",
            "azurerm_lb_backend_address_pool.backend_address_pool_vmss",
            "azurerm_lb_probe.http_probe_health",
            "azurerm_public_ip.lb_public_ip",
            "azurerm_resource_group.rg"
          ]
        }
      ]
    },
    {
      "mode": "managed",
      "type": "azurerm_linux_virtual_machine_scale_set",
      "name": "vmss",
      "provider": "provider[\"registry.terraform.io/hashicorp/azurerm\"]",
      "instances": [
        {
          "schema_version": 0,
          "attributes": {
            "additional_capabilities": [],
            "admin_password": null,
            "admin_ssh_key": [
              {
                "public_key": "ssh-rsa AAAAB3NzaC1yc2EAAAADAQABAAACAQDSWMsS11dcvOAZhrEyFrdVMq/idt+qvUAzR/WIsDT78UNtPWMRtazw6AUaG3E3Oafg3BOnAGtWsdyeae6HgOGZDDvqDibc/fyllKgBz+7jUfdcXWSWsDFSur5uru8KuHLmdEXUIhMs0SxtFKzXbDUwZHTUpx2soCE6RQWRupJZpYMjVWHdMPTHLKhZPOC3H8cRjtAsawhu5SyQD5wikFq0uata4hz/+iBBe9VjFieKj3wefVxDNQdI/nX98U6TapWzdqCnWHJ1dUv0UByuIUN8D+XbSYQ1Ih8XbSiKdIM3xXe+58tss4tTIuQoNiZ+ARjnUJgzuUWB/d4DDioPzJ/9xKf/a73831xt7mqfHG17sjD/EdjarG9XPCRLSATok8OhM+JPgaV4rkOLqINiwlSw8wfO0OZ1xJaokI0fVguLp11qwvMOgkarJSo+DW+DfhIcJsqy1g8MCm0P6eDYCe+GRQlF6Uh210VW+2bv4QX5Pqp3FkF1q/VQRaAhPEnlKH4XSXvtN39LrJNPXoTNNr6Rfa0kdQifKRy2C0ldkvMhU8WI/SxsuPKd4MVyIa572KIX+7PGNc0WwL2vyjvKZJdsy9QpTOlkVgwH5GAvURsgfK4Ewo+XQWzUvnmQvYrEQZs8FyciqvhiB7jafRNHiXuruBeNZlvgo3TXvsGyOhvKsw== zhouruihan@example.com\r\n",
                "username": "zhouruihan"
              }
            ],
            "admin_username": "zhouruihan",
            "automatic_instance_repair": [
              {
                "action": "",
                "enabled": true,
                "grace_period": "PT10M"
              }
            ],
            "automatic_os_upgrade_policy": [],
            "boot_diagnostics": [],
            "capacity_reservation_group_id": "",
            "computer_name_prefix": "vmss-vmss-demo",
            "custom_data": null,
            "data_disk": [],
            "disable_password_authentication": true,
            "do_not_run_extensions_on_overprovisioned_machines": false,
            "edge_zone": "",
            "encryption_at_host_enabled": false,
            "eviction_policy": "",
            "extension": [],
            "extension_operations_enabled": true,
            "extensions_time_budget": "PT1H30M",
            "gallery_application": [],
            "health_probe_id": "/subscriptions/db45786e-95f0-4c2d-8713-5385062aa342/resourceGroups/2-vmss-demo/providers/Microsoft.Network/loadBalancers/lb-vmss-demo/probes/http-probe-health-vmss-demo",
            "host_group_id": null,
            "id": "/subscriptions/db45786e-95f0-4c2d-8713-5385062aa342/resourceGroups/2-vmss-demo/providers/Microsoft.Compute/virtualMachineScaleSets/vmss-vmss-demo",
            "identity": [],
            "instances": 2,
            "location": "eastasia",
            "max_bid_price": -1,
            "name": "vmss-vmss-demo",
            "network_interface": [
              {
                "dns_servers": null,
                "enable_accelerated_networking": false,
                "enable_ip_forwarding": false,
                "ip_configuration": [
                  {
                    "application_gateway_backend_address_pool_ids": null,
                    "application_security_group_ids": null,
                    "load_balancer_backend_address_pool_ids": [
                      "/subscriptions/db45786e-95f0-4c2d-8713-5385062aa342/resourceGroups/2-vmss-demo/providers/Microsoft.Network/loadBalancers/lb-vmss-demo/backendAddressPools/backend-address-pool-vms-vmss-demo"
                    ],
                    "load_balancer_inbound_nat_rules_ids": null,
                    "name": "internal",
                    "primary": true,
                    "public_ip_address": [
                      {
                        "domain_name_label": "",
                        "idle_timeout_in_minutes": 4,
                        "ip_tag": [],
                        "name": "vmss-public-ip",
                        "public_ip_prefix_id": "",
                        "version": "IPv4"
                      }
                    ],
                    "subnet_id": "/subscriptions/db45786e-95f0-4c2d-8713-5385062aa342/resourceGroups/2-vmss-demo/providers/Microsoft.Network/virtualNetworks/vnet-vmss-demo/subnets/vm-subnet-vmss-demo",
                    "version": "IPv4"
                  }
                ],
                "name": "vmss-nic",
                "network_security_group_id": "",
                "primary": true
              }
            ],
            "os_disk": [
              {
                "caching": "ReadWrite",
                "diff_disk_settings": [],
                "disk_encryption_set_id": "",
                "disk_size_gb": 128,
                "secure_vm_disk_encryption_set_id": "",
                "security_encryption_type": "",
                "storage_account_type": "Standard_LRS",
                "write_accelerator_enabled": false
              }
            ],
            "overprovision": true,
            "plan": [],
            "platform_fault_domain_count": 5,
            "priority": "Regular",
            "provision_vm_agent": true,
            "proximity_placement_group_id": "",
            "resource_group_name": "2-vmss-demo",
            "rolling_upgrade_policy": [],
            "scale_in": [
              {
                "force_deletion_enabled": true,
                "rule": "OldestVM"
              }
            ],
            "secret": [],
            "secure_boot_enabled": false,
            "single_placement_group": true,
            "sku": "Standard_D2s_v3",
            "source_image_id": "",
            "source_image_reference": [
              {
                "offer": "0001-com-ubuntu-server-jammy",
                "publisher": "Canonical",
                "sku": "22_04-lts-gen2",
                "version": "latest"
              }
            ],
            "spot_restore": null,
            "tags": null,
            "termination_notification": null,
            "timeouts": null,
            "unique_id": "9cc6da46-822f-4f2b-af12-2222c42fd488",
            "upgrade_mode": "Automatic",
            "user_data": "I2Nsb3VkLWNvbmZpZyAKIyBzZXQgdGltZXpvbmUgdG8gQXNpYS9TaGFuZ2hhaQp0aW1lem9uZTogQXNpYS9TaGFuZ2hhaQpwYWNrYWdlX3VwZGF0ZTogdHJ1ZQpwYWNrYWdlX3VwZ3JhZGU6IGZhbHNlCnBhY2thZ2VzOgogIC0gcHl0aG9uMy1waXAKICAtIGlwdGFibGVzCiAgLSBpcHRhYmxlcy1wZXJzaXN0ZW50CiAgLSBuZXRmaWx0ZXItcGVyc2lzdGVudAogIC0gY3VybAogIC0ganEKICAtIG5ldC10b29scwogIC0gaXB1dGlscy1waW5nCiAgLSB0cmFjZXJvdXRlCiAgLSB0Y3BkdW1wCiAgLSBweXRob24zLWZsYXNrCiAgLSBweXRob24zLXJlcXVlc3RzCgp3cml0ZV9maWxlczoKICAtIHBhdGg6IC91c3IvbG9jYWwvYmluL2dyYWNlZnVsLXNodXRkb3duLnNoCiAgICBvd25lcjogcm9vdDpyb290CiAgICBwZXJtaXNzaW9uczogJzA3NTUnCiAgICBjb250ZW50OiB8CiAgICAgICMhL2Jpbi9iYXNoCiAgICAgIGVjaG8gIlskKGRhdGUgJyslWS0lbS0lZCAlSDolTTolUycpXSBncmFjZWZ1bC1zaHV0ZG93bi5zaDog5byA5aeL5LyR55ygIDYwMCDnp5IiIHwgbG9nZ2VyIC10IGdyYWNlZnVsLXNodXRkb3duCiAgICAgICMgcmVtb3ZlIGZsYWcgZmlsZSBiZWZvcmUgc2xlZXAgc28gdGhhdCBsb2FkIGJhbGFuY2VyIGNhbiBzZWUgdGhlIGluc3RhbmNlIGlzIG5vdCByZWFkeQogICAgICBybSAtZiAvdG1wL2hlYWx0aF9mbGFnCiAgICAgIHNsZWVwIDYwMAogICAgICBlY2hvICJbJChkYXRlICcrJVktJW0tJWQgJUg6JU06JVMnKV0gZ3JhY2VmdWwtc2h1dGRvd24uc2g6IOS8keecoOe7k+adn++8jOiEmuacrOaJp+ihjOWujOavlSIgfCBsb2dnZXIgLXQgZ3JhY2VmdWwtc2h1dGRvd24KCiAgLSBwYXRoOiAvZXRjL3N5c3RlbWQvc3lzdGVtL2dyYWNlZnVsLXNodXRkb3duLnNlcnZpY2UKICAgIG93bmVyOiByb290OnJvb3QKICAgIHBlcm1pc3Npb25zOiAnMDY0NCcKICAgIGNvbnRlbnQ6IHwKICAgICAgW1VuaXRdCiAgICAgIERlc2NyaXB0aW9uPUdyYWNlZnVsIFNodXRkb3duIFNsZWVwIFNjcmlwdAogICAgICBEZWZhdWx0RGVwZW5kZW5jaWVzPW5vCiAgICAgIEJlZm9yZT1zaHV0ZG93bi50YXJnZXQgcmVib290LnRhcmdldCBoYWx0LnRhcmdldAoKICAgICAgW1NlcnZpY2VdCiAgICAgIFR5cGU9b25lc2hvdAogICAgICBFeGVjU3RhcnQ9L3Vzci9sb2NhbC9iaW4vZ3JhY2VmdWwtc2h1dGRvd24uc2gKICAgICAgUmVtYWluQWZ0ZXJFeGl0PW5vCgogICAgICBbSW5zdGFsbF0KICAgICAgV2FudGVkQnk9aGFsdC50YXJnZXQgcmVib290LnRhcmdldCBzaHV0ZG93bi50YXJnZXQKCiAgLSBwYXRoOiAvdXNyL2xvY2FsL2Jpbi93ZWJhcHAucHkKICAgIG93bmVyOiByb290OnJvb3QKICAgIHBlcm1pc3Npb25zOiAnMDc1NScKICAgIGNvbnRlbnQ6IHwKICAgICAgZnJvbSBmbGFzayBpbXBvcnQgRmxhc2ssIGpzb25pZnksIFJlc3BvbnNlCiAgICAgIGltcG9ydCBzb2NrZXQKICAgICAgaW1wb3J0IG9zCiAgICAgIGltcG9ydCByZXF1ZXN0cwogICAgICAKICAgICAgYXBwID0gRmxhc2soX19uYW1lX18pCiAgICAgIAogICAgICBGTEFHX0ZJTEUgPSAiL3RtcC9oZWFsdGhfZmxhZyIKICAgICAgCiAgICAgIGRlZiBnZXRfaG9zdF9pbmZvKCk6CiAgICAgICAgICBob3N0bmFtZSA9IHNvY2tldC5nZXRob3N0bmFtZSgpCiAgICAgICAgICBsb2NhbF9pcCA9IHNvY2tldC5nZXRob3N0YnluYW1lKGhvc3RuYW1lKQogICAgICAgICAgcmV0dXJuIGhvc3RuYW1lLCBsb2NhbF9pcAogICAgICAKICAgICAgQGFwcC5yb3V0ZSgiLyIpCiAgICAgIGRlZiBpbmRleCgpOgogICAgICAgICAgaG9zdG5hbWUsIGxvY2FsX2lwID0gZ2V0X2hvc3RfaW5mbygpCiAgICAgICAgICBodG1sID0gZiIiIgogICAgICAgICAgPGh0bWw+CiAgICAgICAgICA8aGVhZD48dGl0bGU+5Li75py65L+h5oGvPC90aXRsZT48L2hlYWQ+CiAgICAgICAgICA8Ym9keT4KICAgICAgICAgICAgICA8aDE+5Li75py65ZCNOiB7aG9zdG5hbWV9PC9oMT4KICAgICAgICAgICAgICA8aDI+5pys5ZywSVA6IHtsb2NhbF9pcH08L2gyPgogICAgICAgICAgPC9ib2R5PgogICAgICAgICAgPC9odG1sPgogICAgICAgICAgIiIiCiAgICAgICAgICByZXR1cm4gaHRtbAogICAgICAKICAgICAgQGFwcC5yb3V0ZSgiL2hlYWx0aCIpCiAgICAgIGRlZiBoZWFsdGgoKToKICAgICAgICAgIGhvc3RuYW1lLCBsb2NhbF9pcCA9IGdldF9ob3N0X2luZm8oKQogICAgICAgICAgaWYgb3MucGF0aC5leGlzdHMoRkxBR19GSUxFKToKICAgICAgICAgICAgICByZXR1cm4gUmVzcG9uc2UoZiJPSywgaG9zdG5hbWU6IHtob3N0bmFtZX0sIGxvY2FsX2lwOiB7bG9jYWxfaXB9Iiwgc3RhdHVzPTIwMCkKICAgICAgICAgIGVsc2U6CiAgICAgICAgICAgICAgcmV0dXJuIFJlc3BvbnNlKGYiRkFJTCwgaG9zdG5hbWU6IHtob3N0bmFtZX0sIGxvY2FsX2lwOiB7bG9jYWxfaXB9Iiwgc3RhdHVzPTQwMCkKICAgICAgCiAgICAgIEBhcHAucm91dGUoIi9nZXRwdWJsaWMiKQogICAgICBkZWYgZ2V0X3B1YmxpYygpOgogICAgICAgICAgaG9zdG5hbWUsIGxvY2FsX2lwID0gZ2V0X2hvc3RfaW5mbygpCiAgICAgICAgICB0cnk6CiAgICAgICAgICAgICAgaXAgPSByZXF1ZXN0cy5nZXQoImh0dHBzOi8vaXBpbmZvLmlvL2lwIiwgdGltZW91dD0zKS50ZXh0LnN0cmlwKCkKICAgICAgICAgICAgICByZXR1cm4ganNvbmlmeSh7InB1YmxpY19pcCI6IGlwLCAiaG9zdG5hbWUiOiBob3N0bmFtZSwgImxvY2FsX2lwIjogbG9jYWxfaXB9KQogICAgICAgICAgZXhjZXB0IEV4Y2VwdGlvbiBhcyBlOgogICAgICAgICAgICAgIHJldHVybiBqc29uaWZ5KHsiZXJyb3IiOiBzdHIoZSksICJob3N0bmFtZSI6IGhvc3RuYW1lLCAibG9jYWxfaXAiOiBsb2NhbF9pcH0pLCA1MDAKICAgICAgCiAgICAgIGlmIF9fbmFtZV9fID09ICJfX21haW5fXyI6CiAgICAgICAgICBhcHAucnVuKGhvc3Q9IjAuMC4wLjAiLCBwb3J0PTgwKQogICAgICAKICAgICAgICAtIHBhdGg6IC9ldGMvc3lzdGVtZC9zeXN0ZW0vd2ViYXBwLnNlcnZpY2UKICAgICAgICAgIG93bmVyOiByb290OnJvb3QKICAgICAgICAgIHBlcm1pc3Npb25zOiAnMDY0NCcKICAgICAgICAgIGNvbnRlbnQ6IHwKICAgICAgICAgICAgW1VuaXRdCiAgICAgICAgICAgIERlc2NyaXB0aW9uPVNpbXBsZSBXZWIgQXBwCiAgICAgICAgICAgIEFmdGVyPW5ldHdvcmsudGFyZ2V0CiAgICAgIAogICAgICAgICAgICBbU2VydmljZV0KICAgICAgICAgICAgIyBjcmVhdGUgZmxhZyBiZWZvcmUgc3RhcnQgd2ViYXBwIGFuZCByZW1vdmUgaXQgZHVyaW5nIHNodXRkb3duCiAgICAgICAgICAgIEV4ZWNTdGFydFByZT0vYmluL2Jhc2ggLWMgInRvdWNoIC90bXAvaGVhbHRoX2ZsYWciCiAgICAgICAgICAgIEV4ZWNTdG9wUG9zdD0vYmluL2Jhc2ggLWMgInJtIC1mIC90bXAvaGVhbHRoX2ZsYWciCiAgICAgICAgICAgIEV4ZWNTdGFydD0vdXNyL2Jpbi9weXRob24zIC91c3IvbG9jYWwvYmluL3dlYmFwcC5weQogICAgICAgICAgICBSZXN0YXJ0PWFsd2F5cwogICAgICAgICAgICBVc2VyPXJvb3QKICAgICAgCiAgICAgICAgICAgIFtJbnN0YWxsXQogICAgICAgICAgICBXYW50ZWRCeT1tdWx0aS11c2VyLnRhcmdldAoKcnVuY21kOgogIC0gfAogICAgZXhwb3J0IERFQklBTl9GUk9OVEVORD1ub25pbnRlcmFjdGl2ZQogICAgZWNobyBpcHRhYmxlcy1wZXJzaXN0ZW50IGlwdGFibGVzLXBlcnNpc3RlbnQvYXV0b3NhdmVfdjQgYm9vbGVhbiB0cnVlIHwgZGViY29uZi1zZXQtc2VsZWN0aW9ucwogICAgZWNobyBpcHRhYmxlcy1wZXJzaXN0ZW50IGlwdGFibGVzLXBlcnNpc3RlbnQvYXV0b3NhdmVfdjYgYm9vbGVhbiB0cnVlIHwgZGViY29uZi1zZXQtc2VsZWN0aW9ucwogICAgcGlwMyBpbnN0YWxsIC0tbm8tY2FjaGUtZGlyIGZsYXNrIHJlcXVlc3RzCiAgICBzeXNjdGwgLXcgbmV0LmlwdjQuaXBfZm9yd2FyZD0xCiAgICBpcHRhYmxlcyAtdCBuYXQgLUEgUFJFUk9VVElORyAtcCB0Y3AgLS1kcG9ydCA1NTY2IC1qIFJFRElSRUNUIC0tdG8tcG9ydCAyMgogICAgbmV0ZmlsdGVyLXBlcnNpc3RlbnQgc2F2ZQogICAgc3lzdGVtY3RsIGRhZW1vbi1yZWxvYWQKICAgIHN5c3RlbWN0bCBlbmFibGUgZ3JhY2VmdWwtc2h1dGRvd24uc2VydmljZQogICAgc3lzdGVtY3RsIGVuYWJsZSB3ZWJhcHAKICAgIHN5c3RlbWN0bCBzdGFydCB3ZWJhcHA=",
            "vtpm_enabled": false,
            "zone_balance": true,
            "zones": [
              "1",
              "2"
            ]
          },
          "sensitive_attributes": [
            [
              {
                "type": "get_attr",
                "value": "admin_password"
              }
            ],
            [
              {
                "type": "get_attr",
                "value": "custom_data"
              }
            ]
          ],
          "identity_schema_version": 0,
          "private": "eyJlMmJmYjczMC1lY2FhLTExZTYtOGY4OC0zNDM2M2JjN2M0YzAiOnsiY3JlYXRlIjozNjAwMDAwMDAwMDAwLCJkZWxldGUiOjM2MDAwMDAwMDAwMDAsInJlYWQiOjMwMDAwMDAwMDAwMCwidXBkYXRlIjozNjAwMDAwMDAwMDAwfX0=",
          "dependencies": [
            "azurerm_lb.lb",
            "azurerm_lb_backend_address_pool.backend_address_pool_vmss",
            "azurerm_lb_probe.http_probe_health",
            "azurerm_public_ip.lb_public_ip",
            "azurerm_resource_group.rg",
            "azurerm_subnet.vm_subnet",
            "azurerm_virtual_network.vnet"
          ]
        }
      ]
    },
    {
      "mode": "managed",
      "type": "azurerm_monitor_autoscale_setting",
      "name": "vmss_auto_scale",
      "provider": "provider[\"registry.terraform.io/hashicorp/azurerm\"]",
      "instances": [
        {
          "schema_version": 2,
          "attributes": {
            "enabled": true,
            "id": "/subscriptions/db45786e-95f0-4c2d-8713-5385062aa342/resourceGroups/2-vmss-demo/providers/Microsoft.Insights/autoScaleSettings/vmss-auto-scale-vmss-demo",
            "location": "eastasia",
            "name": "vmss-auto-scale-vmss-demo",
            "notification": [
              {
                "email": [
                  {
                    "custom_emails": [
                      "zhouruihan@microsoft.com"
                    ],
                    "send_to_subscription_administrator": false,
                    "send_to_subscription_co_administrator": false
                  }
                ],
                "webhook": []
              }
            ],
            "predictive": [
              {
                "look_ahead_time": "PT5M",
                "scale_mode": "Enabled"
              }
            ],
            "profile": [
              {
                "capacity": [
                  {
                    "default": 2,
                    "maximum": 10,
                    "minimum": 2
                  }
                ],
                "fixed_date": [],
                "name": "defaultProfile",
                "recurrence": [],
                "rule": [
                  {
                    "metric_trigger": [
                      {
                        "dimensions": [
                          {
                            "name": "AppName",
                            "operator": "Equals",
                            "values": [
                              "App1"
                            ]
                          }
                        ],
                        "divide_by_instance_count": false,
                        "metric_name": "Percentage CPU",
                        "metric_namespace": "microsoft.compute/virtualmachinescalesets",
                        "metric_resource_id": "/subscriptions/db45786e-95f0-4c2d-8713-5385062aa342/resourceGroups/2-vmss-demo/providers/Microsoft.Compute/virtualMachineScaleSets/vmss-vmss-demo",
                        "operator": "GreaterThan",
                        "statistic": "Average",
                        "threshold": 75,
                        "time_aggregation": "Average",
                        "time_grain": "PT1M",
                        "time_window": "PT5M"
                      }
                    ],
                    "scale_action": [
                      {
                        "cooldown": "PT1M",
                        "direction": "Increase",
                        "type": "ChangeCount",
                        "value": 1
                      }
                    ]
                  },
                  {
                    "metric_trigger": [
                      {
                        "dimensions": [],
                        "divide_by_instance_count": false,
                        "metric_name": "Percentage CPU",
                        "metric_namespace": "",
                        "metric_resource_id": "/subscriptions/db45786e-95f0-4c2d-8713-5385062aa342/resourceGroups/2-vmss-demo/providers/Microsoft.Compute/virtualMachineScaleSets/vmss-vmss-demo",
                        "operator": "LessThan",
                        "statistic": "Average",
                        "threshold": 25,
                        "time_aggregation": "Average",
                        "time_grain": "PT1M",
                        "time_window": "PT5M"
                      }
                    ],
                    "scale_action": [
                      {
                        "cooldown": "PT1M",
                        "direction": "Decrease",
                        "type": "ChangeCount",
                        "value": 1
                      }
                    ]
                  }
                ]
              }
            ],
            "resource_group_name": "2-vmss-demo",
            "tags": null,
            "target_resource_id": "/subscriptions/db45786e-95f0-4c2d-8713-5385062aa342/resourceGroups/2-vmss-demo/providers/Microsoft.Compute/virtualMachineScaleSets/vmss-vmss-demo",
            "timeouts": null
          },
          "sensitive_attributes": [],
          "identity_schema_version": 0,
          "private": "eyJlMmJmYjczMC1lY2FhLTExZTYtOGY4OC0zNDM2M2JjN2M0YzAiOnsiY3JlYXRlIjoxODAwMDAwMDAwMDAwLCJkZWxldGUiOjE4MDAwMDAwMDAwMDAsInJlYWQiOjMwMDAwMDAwMDAwMCwidXBkYXRlIjoxODAwMDAwMDAwMDAwfSwic2NoZW1hX3ZlcnNpb24iOiIyIn0=",
          "dependencies": [
            "azurerm_lb.lb",
            "azurerm_lb_backend_address_pool.backend_address_pool_vmss",
            "azurerm_lb_probe.http_probe_health",
            "azurerm_linux_virtual_machine_scale_set.vmss",
            "azurerm_public_ip.lb_public_ip",
            "azurerm_resource_group.rg",
            "azurerm_subnet.vm_subnet",
            "azurerm_virtual_network.vnet"
          ]
        }
      ]
    },
    {
      "mode": "managed",
      "type": "azurerm_network_security_group",
      "name": "nsg",
      "provider": "provider[\"registry.terraform.io/hashicorp/azurerm\"]",
      "instances": [
        {
          "schema_version": 0,
          "attributes": {
            "id": "/subscriptions/db45786e-95f0-4c2d-8713-5385062aa342/resourceGroups/2-vmss-demo/providers/Microsoft.Network/networkSecurityGroups/nsg-vmss-demo",
            "location": "eastasia",
            "name": "nsg-vmss-demo",
            "resource_group_name": "2-vmss-demo",
            "security_rule": [
              {
                "access": "Allow",
                "description": "",
                "destination_address_prefix": "*",
                "destination_address_prefixes": [],
                "destination_application_security_group_ids": [],
                "destination_port_range": "",
                "destination_port_ranges": [
                  "22"
                ],
                "direction": "Inbound",
                "name": "nsg-rule-vmss-demo-ssh",
                "priority": 1001,
                "protocol": "Tcp",
                "source_address_prefix": "*",
                "source_address_prefixes": [],
                "source_application_security_group_ids": [],
                "source_port_range": "*",
                "source_port_ranges": []
              },
              {
                "access": "Allow",
                "description": "",
                "destination_address_prefix": "*",
                "destination_address_prefixes": [],
                "destination_application_security_group_ids": [],
                "destination_port_range": "",
                "destination_port_ranges": [
                  "443",
                  "5566",
                  "80"
                ],
                "direction": "Inbound",
                "name": "nsg-rule-vmss-demo-http-https",
                "priority": 1000,
                "protocol": "Tcp",
                "source_address_prefix": "*",
                "source_address_prefixes": [],
                "source_application_security_group_ids": [],
                "source_port_range": "*",
                "source_port_ranges": []
              }
            ],
            "tags": {},
            "timeouts": null
          },
          "sensitive_attributes": [],
          "identity_schema_version": 0,
          "private": "eyJlMmJmYjczMC1lY2FhLTExZTYtOGY4OC0zNDM2M2JjN2M0YzAiOnsiY3JlYXRlIjoxODAwMDAwMDAwMDAwLCJkZWxldGUiOjE4MDAwMDAwMDAwMDAsInJlYWQiOjMwMDAwMDAwMDAwMCwidXBkYXRlIjoxODAwMDAwMDAwMDAwfX0=",
          "dependencies": [
            "azurerm_resource_group.rg"
          ]
        }
      ]
    },
    {
      "mode": "managed",
      "type": "azurerm_network_security_rule",
      "name": "nsg_rule_http_https",
      "provider": "provider[\"registry.terraform.io/hashicorp/azurerm\"]",
      "instances": [
        {
          "schema_version": 0,
          "attributes": {
            "access": "Allow",
            "description": "",
            "destination_address_prefix": "*",
            "destination_address_prefixes": [],
            "destination_application_security_group_ids": [],
            "destination_port_range": "",
            "destination_port_ranges": [
              "443",
              "5566",
              "80"
            ],
            "direction": "Inbound",
            "id": "/subscriptions/db45786e-95f0-4c2d-8713-5385062aa342/resourceGroups/2-vmss-demo/providers/Microsoft.Network/networkSecurityGroups/nsg-vmss-demo/securityRules/nsg-rule-vmss-demo-http-https",
            "name": "nsg-rule-vmss-demo-http-https",
            "network_security_group_name": "nsg-vmss-demo",
            "priority": 1000,
            "protocol": "Tcp",
            "resource_group_name": "2-vmss-demo",
            "source_address_prefix": "*",
            "source_address_prefixes": [],
            "source_application_security_group_ids": [],
            "source_port_range": "*",
            "source_port_ranges": [],
            "timeouts": null
          },
          "sensitive_attributes": [],
          "identity_schema_version": 0,
          "private": "eyJlMmJmYjczMC1lY2FhLTExZTYtOGY4OC0zNDM2M2JjN2M0YzAiOnsiY3JlYXRlIjoxODAwMDAwMDAwMDAwLCJkZWxldGUiOjE4MDAwMDAwMDAwMDAsInJlYWQiOjMwMDAwMDAwMDAwMCwidXBkYXRlIjoxODAwMDAwMDAwMDAwfX0=",
          "dependencies": [
            "azurerm_network_security_group.nsg",
            "azurerm_resource_group.rg"
          ]
        }
      ]
    },
    {
      "mode": "managed",
      "type": "azurerm_network_security_rule",
      "name": "nsg_rule_ssh",
      "provider": "provider[\"registry.terraform.io/hashicorp/azurerm\"]",
      "instances": [
        {
          "schema_version": 0,
          "attributes": {
            "access": "Allow",
            "description": "",
            "destination_address_prefix": "*",
            "destination_address_prefixes": [],
            "destination_application_security_group_ids": [],
            "destination_port_range": "",
            "destination_port_ranges": [
              "22"
            ],
            "direction": "Inbound",
            "id": "/subscriptions/db45786e-95f0-4c2d-8713-5385062aa342/resourceGroups/2-vmss-demo/providers/Microsoft.Network/networkSecurityGroups/nsg-vmss-demo/securityRules/nsg-rule-vmss-demo-ssh",
            "name": "nsg-rule-vmss-demo-ssh",
            "network_security_group_name": "nsg-vmss-demo",
            "priority": 1001,
            "protocol": "Tcp",
            "resource_group_name": "2-vmss-demo",
            "source_address_prefix": "*",
            "source_address_prefixes": [],
            "source_application_security_group_ids": [],
            "source_port_range": "*",
            "source_port_ranges": [],
            "timeouts": null
          },
          "sensitive_attributes": [],
          "identity_schema_version": 0,
          "private": "eyJlMmJmYjczMC1lY2FhLTExZTYtOGY4OC0zNDM2M2JjN2M0YzAiOnsiY3JlYXRlIjoxODAwMDAwMDAwMDAwLCJkZWxldGUiOjE4MDAwMDAwMDAwMDAsInJlYWQiOjMwMDAwMDAwMDAwMCwidXBkYXRlIjoxODAwMDAwMDAwMDAwfX0=",
          "dependencies": [
            "azurerm_network_security_group.nsg",
            "azurerm_resource_group.rg"
          ]
        }
      ]
    },
    {
      "mode": "managed",
      "type": "azurerm_public_ip",
      "name": "lb_public_ip",
      "provider": "provider[\"registry.terraform.io/hashicorp/azurerm\"]",
      "instances": [
        {
          "schema_version": 0,
          "attributes": {
            "allocation_method": "Static",
            "ddos_protection_mode": "VirtualNetworkInherited",
            "ddos_protection_plan_id": null,
            "domain_name_label": null,
            "domain_name_label_scope": null,
            "edge_zone": "",
            "fqdn": null,
            "id": "/subscriptions/db45786e-95f0-4c2d-8713-5385062aa342/resourceGroups/2-vmss-demo/providers/Microsoft.Network/publicIPAddresses/public-ip-vmss-demo",
            "idle_timeout_in_minutes": 4,
            "ip_address": "52.175.27.47",
            "ip_tags": {},
            "ip_version": "IPv4",
            "location": "eastasia",
            "name": "public-ip-vmss-demo",
            "public_ip_prefix_id": null,
            "resource_group_name": "2-vmss-demo",
            "reverse_fqdn": null,
            "sku": "Standard",
            "sku_tier": "Regional",
            "tags": {},
            "timeouts": null,
            "zones": []
          },
          "sensitive_attributes": [],
          "identity_schema_version": 0,
          "private": "eyJlMmJmYjczMC1lY2FhLTExZTYtOGY4OC0zNDM2M2JjN2M0YzAiOnsiY3JlYXRlIjoxODAwMDAwMDAwMDAwLCJkZWxldGUiOjE4MDAwMDAwMDAwMDAsInJlYWQiOjMwMDAwMDAwMDAwMCwidXBkYXRlIjoxODAwMDAwMDAwMDAwfX0=",
          "dependencies": [
            "azurerm_resource_group.rg"
          ]
        }
      ]
    },
    {
      "mode": "managed",
      "type": "azurerm_resource_group",
      "name": "rg",
      "provider": "provider[\"registry.terraform.io/hashicorp/azurerm\"]",
      "instances": [
        {
          "schema_version": 0,
          "attributes": {
            "id": "/subscriptions/db45786e-95f0-4c2d-8713-5385062aa342/resourceGroups/2-vmss-demo",
            "location": "eastasia",
            "managed_by": "",
            "name": "2-vmss-demo",
            "tags": {},
            "timeouts": null
          },
          "sensitive_attributes": [],
          "identity_schema_version": 0,
          "private": "eyJlMmJmYjczMC1lY2FhLTExZTYtOGY4OC0zNDM2M2JjN2M0YzAiOnsiY3JlYXRlIjo1NDAwMDAwMDAwMDAwLCJkZWxldGUiOjU0MDAwMDAwMDAwMDAsInJlYWQiOjMwMDAwMDAwMDAwMCwidXBkYXRlIjo1NDAwMDAwMDAwMDAwfX0="
        }
      ]
    },
    {
      "mode": "managed",
      "type": "azurerm_subnet",
      "name": "vm_subnet",
      "provider": "provider[\"registry.terraform.io/hashicorp/azurerm\"]",
      "instances": [
        {
          "schema_version": 0,
          "attributes": {
            "address_prefixes": [
              "10.0.0.0/24"
            ],
            "default_outbound_access_enabled": true,
            "delegation": [],
            "id": "/subscriptions/db45786e-95f0-4c2d-8713-5385062aa342/resourceGroups/2-vmss-demo/providers/Microsoft.Network/virtualNetworks/vnet-vmss-demo/subnets/vm-subnet-vmss-demo",
            "name": "vm-subnet-vmss-demo",
            "private_endpoint_network_policies": "Disabled",
            "private_link_service_network_policies_enabled": true,
            "resource_group_name": "2-vmss-demo",
            "service_endpoint_policy_ids": [],
            "service_endpoints": [
              "Microsoft.Storage"
            ],
            "timeouts": null,
            "virtual_network_name": "vnet-vmss-demo"
          },
          "sensitive_attributes": [],
          "identity_schema_version": 0,
          "private": "eyJlMmJmYjczMC1lY2FhLTExZTYtOGY4OC0zNDM2M2JjN2M0YzAiOnsiY3JlYXRlIjoxODAwMDAwMDAwMDAwLCJkZWxldGUiOjE4MDAwMDAwMDAwMDAsInJlYWQiOjMwMDAwMDAwMDAwMCwidXBkYXRlIjoxODAwMDAwMDAwMDAwfX0=",
          "dependencies": [
            "azurerm_resource_group.rg",
            "azurerm_virtual_network.vnet"
          ]
        }
      ]
    },
    {
      "mode": "managed",
      "type": "azurerm_subnet_network_security_group_association",
      "name": "vm_subnet_nsg",
      "provider": "provider[\"registry.terraform.io/hashicorp/azurerm\"]",
      "instances": [
        {
          "schema_version": 0,
          "attributes": {
            "id": "/subscriptions/db45786e-95f0-4c2d-8713-5385062aa342/resourceGroups/2-vmss-demo/providers/Microsoft.Network/virtualNetworks/vnet-vmss-demo/subnets/vm-subnet-vmss-demo",
            "network_security_group_id": "/subscriptions/db45786e-95f0-4c2d-8713-5385062aa342/resourceGroups/2-vmss-demo/providers/Microsoft.Network/networkSecurityGroups/nsg-vmss-demo",
            "subnet_id": "/subscriptions/db45786e-95f0-4c2d-8713-5385062aa342/resourceGroups/2-vmss-demo/providers/Microsoft.Network/virtualNetworks/vnet-vmss-demo/subnets/vm-subnet-vmss-demo",
            "timeouts": null
          },
          "sensitive_attributes": [],
          "identity_schema_version": 0,
          "private": "eyJlMmJmYjczMC1lY2FhLTExZTYtOGY4OC0zNDM2M2JjN2M0YzAiOnsiY3JlYXRlIjoxODAwMDAwMDAwMDAwLCJkZWxldGUiOjE4MDAwMDAwMDAwMDAsInJlYWQiOjMwMDAwMDAwMDAwMH19",
          "dependencies": [
            "azurerm_network_security_group.nsg",
            "azurerm_resource_group.rg",
            "azurerm_subnet.vm_subnet",
            "azurerm_virtual_network.vnet"
          ]
        }
      ]
    },
    {
      "mode": "managed",
      "type": "azurerm_virtual_network",
      "name": "vnet",
      "provider": "provider[\"registry.terraform.io/hashicorp/azurerm\"]",
      "instances": [
        {
          "schema_version": 0,
          "attributes": {
            "address_space": [
              "10.0.0.0/16"
            ],
            "bgp_community": "",
            "ddos_protection_plan": [],
            "dns_servers": [],
            "edge_zone": "",
            "encryption": [],
            "flow_timeout_in_minutes": 0,
            "guid": "f708495b-b1dd-4c3e-85ce-5617f5da68fa",
            "id": "/subscriptions/db45786e-95f0-4c2d-8713-5385062aa342/resourceGroups/2-vmss-demo/providers/Microsoft.Network/virtualNetworks/vnet-vmss-demo",
            "ip_address_pool": [],
            "location": "eastasia",
            "name": "vnet-vmss-demo",
            "private_endpoint_vnet_policies": "Disabled",
            "resource_group_name": "2-vmss-demo",
            "subnet": [
              {
                "address_prefixes": [
                  "10.0.0.0/24"
                ],
                "default_outbound_access_enabled": true,
                "delegation": [],
                "id": "/subscriptions/db45786e-95f0-4c2d-8713-5385062aa342/resourceGroups/2-vmss-demo/providers/Microsoft.Network/virtualNetworks/vnet-vmss-demo/subnets/vm-subnet-vmss-demo",
                "name": "vm-subnet-vmss-demo",
                "private_endpoint_network_policies": "Disabled",
                "private_link_service_network_policies_enabled": true,
                "route_table_id": "",
                "security_group": "/subscriptions/db45786e-95f0-4c2d-8713-5385062aa342/resourceGroups/2-vmss-demo/providers/Microsoft.Network/networkSecurityGroups/nsg-vmss-demo",
                "service_endpoint_policy_ids": [],
                "service_endpoints": [
                  "Microsoft.Storage"
                ]
              }
            ],
            "tags": {},
            "timeouts": null
          },
          "sensitive_attributes": [],
          "identity_schema_version": 0,
          "private": "eyJlMmJmYjczMC1lY2FhLTExZTYtOGY4OC0zNDM2M2JjN2M0YzAiOnsiY3JlYXRlIjoxODAwMDAwMDAwMDAwLCJkZWxldGUiOjE4MDAwMDAwMDAwMDAsInJlYWQiOjMwMDAwMDAwMDAwMCwidXBkYXRlIjoxODAwMDAwMDAwMDAwfX0=",
          "dependencies": [
            "azurerm_resource_group.rg"
          ]
        }
      ]
    }
  ],
  "check_results": null
}
